
Microsoft Visual Studio Solution File, Format Version 12.00
# Visual Studio 15
VisualStudioVersion = 15.0.27428.2011
MinimumVisualStudioVersion = 10.0.40219.1
Project("{8BC9CEB8-8B4A-11D0-8D11-00A0C91BC942}") = "Geos", "Geos\Geos.vcxproj", "{E9F604BA-FE21-447E-B867-478A70906C93}"
EndProject
Project("{8BC9CEB8-8B4A-11D0-8D11-00A0C91BC942}") = "Console", "Console\Console.vcxproj", "{EEA64A8E-B30A-42DB-A81D-DC86EEBAA976}"
EndProject
Project("{FAE04EC0-301F-11D3-BF4B-00C04F79EFBC}") = "SegmentationForm", "SegmentationForm\SegmentationForm.csproj", "{84330CCE-C1C4-46B2-BF3D-0250C34B5236}"
EndProject
Global
	GlobalSection(SolutionConfigurationPlatforms) = preSolution
		Debug|Any CPU = Debug|Any CPU
		Debug|Mixed Platforms = Debug|Mixed Platforms
		Debug|Win32 = Debug|Win32
		Debug|x64 = Debug|x64
		Debug|x86 = Debug|x86
		Release|Any CPU = Release|Any CPU
		Release|Mixed Platforms = Release|Mixed Platforms
		Release|Win32 = Release|Win32
		Release|x64 = Release|x64
		Release|x86 = Release|x86
	EndGlobalSection
	GlobalSection(ProjectConfigurationPlatforms) = postSolution
		{E9F604BA-FE21-447E-B867-478A70906C93}.Debug|Any CPU.ActiveCfg = Debug|Win32
		{E9F604BA-FE21-447E-B867-478A70906C93}.Debug|Any CPU.Build.0 = Debug|Win32
		{E9F604BA-FE21-447E-B867-478A70906C93}.Debug|Mixed Platforms.ActiveCfg = Debug|Win32
		{E9F604BA-FE21-447E-B867-478A70906C93}.Debug|Mixed Platforms.Build.0 = Debug|Win32
		{E9F604BA-FE21-447E-B867-478A70906C93}.Debug|Win32.ActiveCfg = Debug|Win32
		{E9F604BA-FE21-447E-B867-478A70906C93}.Debug|Win32.Build.0 = Debug|Win32
		{E9F604BA-FE21-447E-B867-478A70906C93}.Debug|x64.ActiveCfg = Debug|Win32
		{E9F604BA-FE21-447E-B867-478A70906C93}.Debug|x64.Build.0 = Debug|Win32
		{E9F604BA-FE21-447E-B867-478A70906C93}.Debug|x86.ActiveCfg = Debug|Win32
		{E9F604BA-FE21-447E-B867-478A70906C93}.Debug|x86.Build.0 = Debug|Win32
		{E9F604BA-FE21-447E-B867-478A70906C93}.Release|Any CPU.ActiveCfg = Release|Win32
		{E9F604BA-FE21-447E-B867-478A70906C93}.Release|Any CPU.Build.0 = Release|Win32
		{E9F604BA-FE21-447E-B867-478A70906C93}.Release|Mixed Platforms.ActiveCfg = Release|Win32
		{E9F604BA-FE21-447E-B867-478A70906C93}.Release|Mixed Platforms.Build.0 = Release|Win32
		{E9F604BA-FE21-447E-B867-478A70906C93}.Release|Win32.ActiveCfg = Release|Win32
		{E9F604BA-FE21-447E-B867-478A70906C93}.Release|Win32.Build.0 = Release|Win32
		{E9F604BA-FE21-447E-B867-478A70906C93}.Release|x64.ActiveCfg = Release|Win32
		{E9F604BA-FE21-447E-B867-478A70906C93}.Release|x86.ActiveCfg = Release|Win32
		{E9F604BA-FE21-447E-B867-478A70906C93}.Release|x86.Build.0 = Release|Win32
		{EEA64A8E-B30A-42DB-A81D-DC86EEBAA976}.Debug|Any CPU.ActiveCfg = Debug|Win32
		{EEA64A8E-B30A-42DB-A81D-DC86EEBAA976}.Debug|Any CPU.Build.0 = Debug|Win32
		{EEA64A8E-B30A-42DB-A81D-DC86EEBAA976}.Debug|Mixed Platforms.ActiveCfg = Debug|Win32
		{EEA64A8E-B30A-42DB-A81D-DC86EEBAA976}.Debug|Mixed Platforms.Build.0 = Debug|Win32
		{EEA64A8E-B30A-42DB-A81D-DC86EEBAA976}.Debug|Win32.ActiveCfg = Debug|Win32
		{EEA64A8E-B30A-42DB-A81D-DC86EEBAA976}.Debug|Win32.Build.0 = Debug|Win32
		{EEA64A8E-B30A-42DB-A81D-DC86EEBAA976}.Debug|x64.ActiveCfg = Debug|Win32
		{EEA64A8E-B30A-42DB-A81D-DC86EEBAA976}.Debug|x64.Build.0 = Debug|Win32
		{EEA64A8E-B30A-42DB-A81D-DC86EEBAA976}.Debug|x86.ActiveCfg = Debug|Win32
		{EEA64A8E-B30A-42DB-A81D-DC86EEBAA976}.Debug|x86.Build.0 = Debug|Win32
		{EEA64A8E-B30A-42DB-A81D-DC86EEBAA976}.Release|Any CPU.ActiveCfg = Release|Win32
		{EEA64A8E-B30A-42DB-A81D-DC86EEBAA976}.Release|Any CPU.Build.0 = Release|Win32
		{EEA64A8E-B30A-42DB-A81D-DC86EEBAA976}.Release|Mixed Platforms.ActiveCfg = Release|Win32
		{EEA64A8E-B30A-42DB-A81D-DC86EEBAA976}.Release|Mixed Platforms.Build.0 = Release|Win32
		{EEA64A8E-B30A-42DB-A81D-DC86EEBAA976}.Release|Win32.ActiveCfg = Release|Win32
		{EEA64A8E-B30A-42DB-A81D-DC86EEBAA976}.Release|Win32.Build.0 = Release|Win32
		{EEA64A8E-B30A-42DB-A81D-DC86EEBAA976}.Release|x64.ActiveCfg = Release|Win32
		{EEA64A8E-B30A-42DB-A81D-DC86EEBAA976}.Release|x86.ActiveCfg = Release|Win32
		{EEA64A8E-B30A-42DB-A81D-DC86EEBAA976}.Release|x86.Build.0 = Release|Win32
		{84330CCE-C1C4-46B2-BF3D-0250C34B5236}.Debug|Any CPU.ActiveCfg = Debug|Any CPU
		{84330CCE-C1C4-46B2-BF3D-0250C34B5236}.Debug|Any CPU.Build.0 = Debug|Any CPU
		{84330CCE-C1C4-46B2-BF3D-0250C34B5236}.Debug|Mixed Platforms.ActiveCfg = Debug|Any CPU
		{84330CCE-C1C4-46B2-BF3D-0250C34B5236}.Debug|Mixed Platforms.Build.0 = Debug|Any CPU
		{84330CCE-C1C4-46B2-BF3D-0250C34B5236}.Debug|Win32.ActiveCfg = Debug|Any CPU
		{84330CCE-C1C4-46B2-BF3D-0250C34B5236}.Debug|Win32.Build.0 = Debug|Any CPU
		{84330CCE-C1C4-46B2-BF3D-0250C34B5236}.Debug|x64.ActiveCfg = Debug|Any CPU
		{84330CCE-C1C4-46B2-BF3D-0250C34B5236}.Debug|x64.Build.0 = Debug|Any CPU
		{84330CCE-C1C4-46B2-BF3D-0250C34B5236}.Debug|x86.ActiveCfg = Debug|Any CPU
		{84330CCE-C1C4-46B2-BF3D-0250C34B5236}.Debug|x86.Build.0 = Debug|Any CPU
		{84330CCE-C1C4-46B2-BF3D-0250C34B5236}.Release|Any CPU.ActiveCfg = Release|Any CPU
		{84330CCE-C1C4-46B2-BF3D-0250C34B5236}.Release|Any CPU.Build.0 = Release|Any CPU
		{84330CCE-C1C4-46B2-BF3D-0250C34B5236}.Release|Mixed Platforms.ActiveCfg = Release|Any CPU
		{84330CCE-C1C4-46B2-BF3D-0250C34B5236}.Release|Mixed Platforms.Build.0 = Release|Any CPU
		{84330CCE-C1C4-46B2-BF3D-0250C34B5236}.Release|Win32.ActiveCfg = Release|Any CPU
		{84330CCE-C1C4-46B2-BF3D-0250C34B5236}.Release|Win32.Build.0 = Release|Any CPU
		{84330CCE-C1C4-46B2-BF3D-0250C34B5236}.Release|x64.ActiveCfg = Release|x64
		{84330CCE-C1C4-46B2-BF3D-0250C34B5236}.Release|x64.Build.0 = Release|x64
		{84330CCE-C1C4-46B2-BF3D-0250C34B5236}.Release|x86.ActiveCfg = Release|Any CPU
		{84330CCE-C1C4-46B2-BF3D-0250C34B5236}.Release|x86.Build.0 = Release|Any CPU
	EndGlobalSection
	GlobalSection(SolutionProperties) = preSolution
		HideSolutionNode = FALSE
	EndGlobalSection
	GlobalSection(ExtensibilityGlobals) = postSolution
		SolutionGuid = {2A25E293-ED27-4406-9022-CA1C2101BC2C}
	EndGlobalSection
EndGlobal
